<?xml version="1.0" encoding="UTF-8"?>
<CodeBlocks_project_file>
	<FileVersion major="1" minor="6"/>
	<Project>
		<Option title="superbible7"/>
		<Option makefile_is_custom="1"/>
		<Option compiler="clang"/>
		<Option virtualFolders="CMake Files\;"/>
		<Build>
			<Target title="all">
				<Option working_dir="/Users/aleksandrivanov/GoogleDrive/Sandbox/Books/OpenGL_SuperBible/SBCode"/>
				<Option type="4"/>
				<MakeCommands>
					<Build command="/usr/bin/make -j4 -f &quot;/Users/aleksandrivanov/GoogleDrive/Sandbox/Books/OpenGL_SuperBible/SBCode/Makefile&quot;  VERBOSE=1 all"/>
					<CompileFile command="/usr/bin/make -j4 -f &quot;/Users/aleksandrivanov/GoogleDrive/Sandbox/Books/OpenGL_SuperBible/SBCode/Makefile&quot;  VERBOSE=1 &quot;$file&quot;"/>
					<Clean command="/usr/bin/make -j4 -f &quot;/Users/aleksandrivanov/GoogleDrive/Sandbox/Books/OpenGL_SuperBible/SBCode/Makefile&quot;  VERBOSE=1 clean"/>
					<DistClean command="/usr/bin/make -j4 -f &quot;/Users/aleksandrivanov/GoogleDrive/Sandbox/Books/OpenGL_SuperBible/SBCode/Makefile&quot;  VERBOSE=1 clean"/>
				</MakeCommands>
			</Target>
			<Target title="rebuild_cache">
				<Option working_dir="/Users/aleksandrivanov/GoogleDrive/Sandbox/Books/OpenGL_SuperBible/SBCode"/>
				<Option type="4"/>
				<MakeCommands>
					<Build command="/usr/bin/make -j4 -f &quot;/Users/aleksandrivanov/GoogleDrive/Sandbox/Books/OpenGL_SuperBible/SBCode/Makefile&quot;  VERBOSE=1 rebuild_cache"/>
					<CompileFile command="/usr/bin/make -j4 -f &quot;/Users/aleksandrivanov/GoogleDrive/Sandbox/Books/OpenGL_SuperBible/SBCode/Makefile&quot;  VERBOSE=1 &quot;$file&quot;"/>
					<Clean command="/usr/bin/make -j4 -f &quot;/Users/aleksandrivanov/GoogleDrive/Sandbox/Books/OpenGL_SuperBible/SBCode/Makefile&quot;  VERBOSE=1 clean"/>
					<DistClean command="/usr/bin/make -j4 -f &quot;/Users/aleksandrivanov/GoogleDrive/Sandbox/Books/OpenGL_SuperBible/SBCode/Makefile&quot;  VERBOSE=1 clean"/>
				</MakeCommands>
			</Target>
			<Target title="release">
				<Option working_dir="/Users/aleksandrivanov/GoogleDrive/Sandbox/Books/OpenGL_SuperBible/SBCode"/>
				<Option type="4"/>
				<MakeCommands>
					<Build command="/usr/bin/make -j4 -f &quot;/Users/aleksandrivanov/GoogleDrive/Sandbox/Books/OpenGL_SuperBible/SBCode/Makefile&quot;  VERBOSE=1 release"/>
					<CompileFile command="/usr/bin/make -j4 -f &quot;/Users/aleksandrivanov/GoogleDrive/Sandbox/Books/OpenGL_SuperBible/SBCode/Makefile&quot;  VERBOSE=1 &quot;$file&quot;"/>
					<Clean command="/usr/bin/make -j4 -f &quot;/Users/aleksandrivanov/GoogleDrive/Sandbox/Books/OpenGL_SuperBible/SBCode/Makefile&quot;  VERBOSE=1 clean"/>
					<DistClean command="/usr/bin/make -j4 -f &quot;/Users/aleksandrivanov/GoogleDrive/Sandbox/Books/OpenGL_SuperBible/SBCode/Makefile&quot;  VERBOSE=1 clean"/>
				</MakeCommands>
			</Target>
			<Target title="debug">
				<Option working_dir="/Users/aleksandrivanov/GoogleDrive/Sandbox/Books/OpenGL_SuperBible/SBCode"/>
				<Option type="4"/>
				<MakeCommands>
					<Build command="/usr/bin/make -j4 -f &quot;/Users/aleksandrivanov/GoogleDrive/Sandbox/Books/OpenGL_SuperBible/SBCode/Makefile&quot;  VERBOSE=1 debug"/>
					<CompileFile command="/usr/bin/make -j4 -f &quot;/Users/aleksandrivanov/GoogleDrive/Sandbox/Books/OpenGL_SuperBible/SBCode/Makefile&quot;  VERBOSE=1 &quot;$file&quot;"/>
					<Clean command="/usr/bin/make -j4 -f &quot;/Users/aleksandrivanov/GoogleDrive/Sandbox/Books/OpenGL_SuperBible/SBCode/Makefile&quot;  VERBOSE=1 clean"/>
					<DistClean command="/usr/bin/make -j4 -f &quot;/Users/aleksandrivanov/GoogleDrive/Sandbox/Books/OpenGL_SuperBible/SBCode/Makefile&quot;  VERBOSE=1 clean"/>
				</MakeCommands>
			</Target>
			<Target title="basic_shaders">
				<Option output="/Users/aleksandrivanov/Sandbox/Books/OpenGL_SuperBible/SBCode/bin/basic_shaders" prefix_auto="0" extension_auto="0"/>
				<Option working_dir="/Users/aleksandrivanov/Sandbox/Books/OpenGL_SuperBible/SBCode/bin"/>
				<Option object_output="./"/>
				<Option type="0"/>
				<Option compiler="clang"/>
				<Compiler>
					<Add directory="/System/Library/Frameworks"/>
					<Add directory="/Users/aleksandrivanov/Sandbox/Books/OpenGL_SuperBible/SBCode/include"/>
					<Add directory="/Users/aleksandrivanov/Sandbox/Books/OpenGL_SuperBible/SBCode/extern/glfw-3.2/include"/>
					<Add directory="/usr/local/Cellar/llvm/4.0.1/bin/../include/c++/v1"/>
					<Add directory="/usr/local/include"/>
					<Add directory="/usr/local/Cellar/llvm/4.0.1/bin/../lib/clang/4.0.1/include"/>
					<Add directory="/usr/include"/>
					<Add directory="/Library/Frameworks"/>
				</Compiler>
				<MakeCommands>
					<Build command="/usr/bin/make -j4 -f &quot;/Users/aleksandrivanov/GoogleDrive/Sandbox/Books/OpenGL_SuperBible/SBCode/Makefile&quot;  VERBOSE=1 basic_shaders"/>
					<CompileFile command="/usr/bin/make -j4 -f &quot;/Users/aleksandrivanov/GoogleDrive/Sandbox/Books/OpenGL_SuperBible/SBCode/Makefile&quot;  VERBOSE=1 &quot;$file&quot;"/>
					<Clean command="/usr/bin/make -j4 -f &quot;/Users/aleksandrivanov/GoogleDrive/Sandbox/Books/OpenGL_SuperBible/SBCode/Makefile&quot;  VERBOSE=1 clean"/>
					<DistClean command="/usr/bin/make -j4 -f &quot;/Users/aleksandrivanov/GoogleDrive/Sandbox/Books/OpenGL_SuperBible/SBCode/Makefile&quot;  VERBOSE=1 clean"/>
				</MakeCommands>
			</Target>
			<Target title="basic_shaders/fast">
				<Option output="/Users/aleksandrivanov/Sandbox/Books/OpenGL_SuperBible/SBCode/bin/basic_shaders" prefix_auto="0" extension_auto="0"/>
				<Option working_dir="/Users/aleksandrivanov/Sandbox/Books/OpenGL_SuperBible/SBCode/bin"/>
				<Option object_output="./"/>
				<Option type="0"/>
				<Option compiler="clang"/>
				<Compiler>
					<Add directory="/System/Library/Frameworks"/>
					<Add directory="/Users/aleksandrivanov/Sandbox/Books/OpenGL_SuperBible/SBCode/include"/>
					<Add directory="/Users/aleksandrivanov/Sandbox/Books/OpenGL_SuperBible/SBCode/extern/glfw-3.2/include"/>
					<Add directory="/usr/local/Cellar/llvm/4.0.1/bin/../include/c++/v1"/>
					<Add directory="/usr/local/include"/>
					<Add directory="/usr/local/Cellar/llvm/4.0.1/bin/../lib/clang/4.0.1/include"/>
					<Add directory="/usr/include"/>
					<Add directory="/Library/Frameworks"/>
				</Compiler>
				<MakeCommands>
					<Build command="/usr/bin/make -j4 -f &quot;/Users/aleksandrivanov/GoogleDrive/Sandbox/Books/OpenGL_SuperBible/SBCode/Makefile&quot;  VERBOSE=1 basic_shaders/fast"/>
					<CompileFile command="/usr/bin/make -j4 -f &quot;/Users/aleksandrivanov/GoogleDrive/Sandbox/Books/OpenGL_SuperBible/SBCode/Makefile&quot;  VERBOSE=1 &quot;$file&quot;"/>
					<Clean command="/usr/bin/make -j4 -f &quot;/Users/aleksandrivanov/GoogleDrive/Sandbox/Books/OpenGL_SuperBible/SBCode/Makefile&quot;  VERBOSE=1 clean"/>
					<DistClean command="/usr/bin/make -j4 -f &quot;/Users/aleksandrivanov/GoogleDrive/Sandbox/Books/OpenGL_SuperBible/SBCode/Makefile&quot;  VERBOSE=1 clean"/>
				</MakeCommands>
			</Target>
			<Target title="basic_animation">
				<Option output="/Users/aleksandrivanov/Sandbox/Books/OpenGL_SuperBible/SBCode/bin/basic_animation" prefix_auto="0" extension_auto="0"/>
				<Option working_dir="/Users/aleksandrivanov/Sandbox/Books/OpenGL_SuperBible/SBCode/bin"/>
				<Option object_output="./"/>
				<Option type="0"/>
				<Option compiler="clang"/>
				<Compiler>
					<Add directory="/System/Library/Frameworks"/>
					<Add directory="/Users/aleksandrivanov/Sandbox/Books/OpenGL_SuperBible/SBCode/include"/>
					<Add directory="/Users/aleksandrivanov/Sandbox/Books/OpenGL_SuperBible/SBCode/extern/glfw-3.2/include"/>
					<Add directory="/usr/local/Cellar/llvm/4.0.1/bin/../include/c++/v1"/>
					<Add directory="/usr/local/include"/>
					<Add directory="/usr/local/Cellar/llvm/4.0.1/bin/../lib/clang/4.0.1/include"/>
					<Add directory="/usr/include"/>
					<Add directory="/Library/Frameworks"/>
				</Compiler>
				<MakeCommands>
					<Build command="/usr/bin/make -j4 -f &quot;/Users/aleksandrivanov/GoogleDrive/Sandbox/Books/OpenGL_SuperBible/SBCode/Makefile&quot;  VERBOSE=1 basic_animation"/>
					<CompileFile command="/usr/bin/make -j4 -f &quot;/Users/aleksandrivanov/GoogleDrive/Sandbox/Books/OpenGL_SuperBible/SBCode/Makefile&quot;  VERBOSE=1 &quot;$file&quot;"/>
					<Clean command="/usr/bin/make -j4 -f &quot;/Users/aleksandrivanov/GoogleDrive/Sandbox/Books/OpenGL_SuperBible/SBCode/Makefile&quot;  VERBOSE=1 clean"/>
					<DistClean command="/usr/bin/make -j4 -f &quot;/Users/aleksandrivanov/GoogleDrive/Sandbox/Books/OpenGL_SuperBible/SBCode/Makefile&quot;  VERBOSE=1 clean"/>
				</MakeCommands>
			</Target>
			<Target title="basic_animation/fast">
				<Option output="/Users/aleksandrivanov/Sandbox/Books/OpenGL_SuperBible/SBCode/bin/basic_animation" prefix_auto="0" extension_auto="0"/>
				<Option working_dir="/Users/aleksandrivanov/Sandbox/Books/OpenGL_SuperBible/SBCode/bin"/>
				<Option object_output="./"/>
				<Option type="0"/>
				<Option compiler="clang"/>
				<Compiler>
					<Add directory="/System/Library/Frameworks"/>
					<Add directory="/Users/aleksandrivanov/Sandbox/Books/OpenGL_SuperBible/SBCode/include"/>
					<Add directory="/Users/aleksandrivanov/Sandbox/Books/OpenGL_SuperBible/SBCode/extern/glfw-3.2/include"/>
					<Add directory="/usr/local/Cellar/llvm/4.0.1/bin/../include/c++/v1"/>
					<Add directory="/usr/local/include"/>
					<Add directory="/usr/local/Cellar/llvm/4.0.1/bin/../lib/clang/4.0.1/include"/>
					<Add directory="/usr/include"/>
					<Add directory="/Library/Frameworks"/>
				</Compiler>
				<MakeCommands>
					<Build command="/usr/bin/make -j4 -f &quot;/Users/aleksandrivanov/GoogleDrive/Sandbox/Books/OpenGL_SuperBible/SBCode/Makefile&quot;  VERBOSE=1 basic_animation/fast"/>
					<CompileFile command="/usr/bin/make -j4 -f &quot;/Users/aleksandrivanov/GoogleDrive/Sandbox/Books/OpenGL_SuperBible/SBCode/Makefile&quot;  VERBOSE=1 &quot;$file&quot;"/>
					<Clean command="/usr/bin/make -j4 -f &quot;/Users/aleksandrivanov/GoogleDrive/Sandbox/Books/OpenGL_SuperBible/SBCode/Makefile&quot;  VERBOSE=1 clean"/>
					<DistClean command="/usr/bin/make -j4 -f &quot;/Users/aleksandrivanov/GoogleDrive/Sandbox/Books/OpenGL_SuperBible/SBCode/Makefile&quot;  VERBOSE=1 clean"/>
				</MakeCommands>
			</Target>
			<Target title="edit_cache">
				<Option working_dir="/Users/aleksandrivanov/GoogleDrive/Sandbox/Books/OpenGL_SuperBible/SBCode"/>
				<Option type="4"/>
				<MakeCommands>
					<Build command="/usr/bin/make -j4 -f &quot;/Users/aleksandrivanov/GoogleDrive/Sandbox/Books/OpenGL_SuperBible/SBCode/Makefile&quot;  VERBOSE=1 edit_cache"/>
					<CompileFile command="/usr/bin/make -j4 -f &quot;/Users/aleksandrivanov/GoogleDrive/Sandbox/Books/OpenGL_SuperBible/SBCode/Makefile&quot;  VERBOSE=1 &quot;$file&quot;"/>
					<Clean command="/usr/bin/make -j4 -f &quot;/Users/aleksandrivanov/GoogleDrive/Sandbox/Books/OpenGL_SuperBible/SBCode/Makefile&quot;  VERBOSE=1 clean"/>
					<DistClean command="/usr/bin/make -j4 -f &quot;/Users/aleksandrivanov/GoogleDrive/Sandbox/Books/OpenGL_SuperBible/SBCode/Makefile&quot;  VERBOSE=1 clean"/>
				</MakeCommands>
			</Target>
			<Target title="basic_app">
				<Option output="/Users/aleksandrivanov/Sandbox/Books/OpenGL_SuperBible/SBCode/bin/basic_app" prefix_auto="0" extension_auto="0"/>
				<Option working_dir="/Users/aleksandrivanov/Sandbox/Books/OpenGL_SuperBible/SBCode/bin"/>
				<Option object_output="./"/>
				<Option type="0"/>
				<Option compiler="clang"/>
				<Compiler>
					<Add directory="/System/Library/Frameworks"/>
					<Add directory="/Users/aleksandrivanov/Sandbox/Books/OpenGL_SuperBible/SBCode/include"/>
					<Add directory="/Users/aleksandrivanov/Sandbox/Books/OpenGL_SuperBible/SBCode/extern/glfw-3.2/include"/>
					<Add directory="/usr/local/Cellar/llvm/4.0.1/bin/../include/c++/v1"/>
					<Add directory="/usr/local/include"/>
					<Add directory="/usr/local/Cellar/llvm/4.0.1/bin/../lib/clang/4.0.1/include"/>
					<Add directory="/usr/include"/>
					<Add directory="/Library/Frameworks"/>
				</Compiler>
				<MakeCommands>
					<Build command="/usr/bin/make -j4 -f &quot;/Users/aleksandrivanov/GoogleDrive/Sandbox/Books/OpenGL_SuperBible/SBCode/Makefile&quot;  VERBOSE=1 basic_app"/>
					<CompileFile command="/usr/bin/make -j4 -f &quot;/Users/aleksandrivanov/GoogleDrive/Sandbox/Books/OpenGL_SuperBible/SBCode/Makefile&quot;  VERBOSE=1 &quot;$file&quot;"/>
					<Clean command="/usr/bin/make -j4 -f &quot;/Users/aleksandrivanov/GoogleDrive/Sandbox/Books/OpenGL_SuperBible/SBCode/Makefile&quot;  VERBOSE=1 clean"/>
					<DistClean command="/usr/bin/make -j4 -f &quot;/Users/aleksandrivanov/GoogleDrive/Sandbox/Books/OpenGL_SuperBible/SBCode/Makefile&quot;  VERBOSE=1 clean"/>
				</MakeCommands>
			</Target>
			<Target title="basic_app/fast">
				<Option output="/Users/aleksandrivanov/Sandbox/Books/OpenGL_SuperBible/SBCode/bin/basic_app" prefix_auto="0" extension_auto="0"/>
				<Option working_dir="/Users/aleksandrivanov/Sandbox/Books/OpenGL_SuperBible/SBCode/bin"/>
				<Option object_output="./"/>
				<Option type="0"/>
				<Option compiler="clang"/>
				<Compiler>
					<Add directory="/System/Library/Frameworks"/>
					<Add directory="/Users/aleksandrivanov/Sandbox/Books/OpenGL_SuperBible/SBCode/include"/>
					<Add directory="/Users/aleksandrivanov/Sandbox/Books/OpenGL_SuperBible/SBCode/extern/glfw-3.2/include"/>
					<Add directory="/usr/local/Cellar/llvm/4.0.1/bin/../include/c++/v1"/>
					<Add directory="/usr/local/include"/>
					<Add directory="/usr/local/Cellar/llvm/4.0.1/bin/../lib/clang/4.0.1/include"/>
					<Add directory="/usr/include"/>
					<Add directory="/Library/Frameworks"/>
				</Compiler>
				<MakeCommands>
					<Build command="/usr/bin/make -j4 -f &quot;/Users/aleksandrivanov/GoogleDrive/Sandbox/Books/OpenGL_SuperBible/SBCode/Makefile&quot;  VERBOSE=1 basic_app/fast"/>
					<CompileFile command="/usr/bin/make -j4 -f &quot;/Users/aleksandrivanov/GoogleDrive/Sandbox/Books/OpenGL_SuperBible/SBCode/Makefile&quot;  VERBOSE=1 &quot;$file&quot;"/>
					<Clean command="/usr/bin/make -j4 -f &quot;/Users/aleksandrivanov/GoogleDrive/Sandbox/Books/OpenGL_SuperBible/SBCode/Makefile&quot;  VERBOSE=1 clean"/>
					<DistClean command="/usr/bin/make -j4 -f &quot;/Users/aleksandrivanov/GoogleDrive/Sandbox/Books/OpenGL_SuperBible/SBCode/Makefile&quot;  VERBOSE=1 clean"/>
				</MakeCommands>
			</Target>
			<Target title="sb7">
				<Option output="/Users/aleksandrivanov/GoogleDrive/Sandbox/Books/OpenGL_SuperBible/SBCode/lib/libsb7.a" prefix_auto="0" extension_auto="0"/>
				<Option working_dir="/Users/aleksandrivanov/GoogleDrive/Sandbox/Books/OpenGL_SuperBible/SBCode"/>
				<Option object_output="./"/>
				<Option type="2"/>
				<Option compiler="clang"/>
				<Compiler>
					<Add directory="/System/Library/Frameworks"/>
					<Add directory="/Users/aleksandrivanov/Sandbox/Books/OpenGL_SuperBible/SBCode/include"/>
					<Add directory="/Users/aleksandrivanov/Sandbox/Books/OpenGL_SuperBible/SBCode/extern/glfw-3.2/include"/>
					<Add directory="/usr/local/Cellar/llvm/4.0.1/bin/../include/c++/v1"/>
					<Add directory="/usr/local/include"/>
					<Add directory="/usr/local/Cellar/llvm/4.0.1/bin/../lib/clang/4.0.1/include"/>
					<Add directory="/usr/include"/>
					<Add directory="/Library/Frameworks"/>
				</Compiler>
				<MakeCommands>
					<Build command="/usr/bin/make -j4 -f &quot;/Users/aleksandrivanov/GoogleDrive/Sandbox/Books/OpenGL_SuperBible/SBCode/Makefile&quot;  VERBOSE=1 sb7"/>
					<CompileFile command="/usr/bin/make -j4 -f &quot;/Users/aleksandrivanov/GoogleDrive/Sandbox/Books/OpenGL_SuperBible/SBCode/Makefile&quot;  VERBOSE=1 &quot;$file&quot;"/>
					<Clean command="/usr/bin/make -j4 -f &quot;/Users/aleksandrivanov/GoogleDrive/Sandbox/Books/OpenGL_SuperBible/SBCode/Makefile&quot;  VERBOSE=1 clean"/>
					<DistClean command="/usr/bin/make -j4 -f &quot;/Users/aleksandrivanov/GoogleDrive/Sandbox/Books/OpenGL_SuperBible/SBCode/Makefile&quot;  VERBOSE=1 clean"/>
				</MakeCommands>
			</Target>
			<Target title="sb7/fast">
				<Option output="/Users/aleksandrivanov/GoogleDrive/Sandbox/Books/OpenGL_SuperBible/SBCode/lib/libsb7.a" prefix_auto="0" extension_auto="0"/>
				<Option working_dir="/Users/aleksandrivanov/GoogleDrive/Sandbox/Books/OpenGL_SuperBible/SBCode"/>
				<Option object_output="./"/>
				<Option type="2"/>
				<Option compiler="clang"/>
				<Compiler>
					<Add directory="/System/Library/Frameworks"/>
					<Add directory="/Users/aleksandrivanov/Sandbox/Books/OpenGL_SuperBible/SBCode/include"/>
					<Add directory="/Users/aleksandrivanov/Sandbox/Books/OpenGL_SuperBible/SBCode/extern/glfw-3.2/include"/>
					<Add directory="/usr/local/Cellar/llvm/4.0.1/bin/../include/c++/v1"/>
					<Add directory="/usr/local/include"/>
					<Add directory="/usr/local/Cellar/llvm/4.0.1/bin/../lib/clang/4.0.1/include"/>
					<Add directory="/usr/include"/>
					<Add directory="/Library/Frameworks"/>
				</Compiler>
				<MakeCommands>
					<Build command="/usr/bin/make -j4 -f &quot;/Users/aleksandrivanov/GoogleDrive/Sandbox/Books/OpenGL_SuperBible/SBCode/Makefile&quot;  VERBOSE=1 sb7/fast"/>
					<CompileFile command="/usr/bin/make -j4 -f &quot;/Users/aleksandrivanov/GoogleDrive/Sandbox/Books/OpenGL_SuperBible/SBCode/Makefile&quot;  VERBOSE=1 &quot;$file&quot;"/>
					<Clean command="/usr/bin/make -j4 -f &quot;/Users/aleksandrivanov/GoogleDrive/Sandbox/Books/OpenGL_SuperBible/SBCode/Makefile&quot;  VERBOSE=1 clean"/>
					<DistClean command="/usr/bin/make -j4 -f &quot;/Users/aleksandrivanov/GoogleDrive/Sandbox/Books/OpenGL_SuperBible/SBCode/Makefile&quot;  VERBOSE=1 clean"/>
				</MakeCommands>
			</Target>
		</Build>
		<Unit filename="/Users/aleksandrivanov/Sandbox/Books/OpenGL_SuperBible/SBCode/src/basic_animation/basic_animation.cpp">
			<Option target="basic_animation"/>
		</Unit>
		<Unit filename="/Users/aleksandrivanov/Sandbox/Books/OpenGL_SuperBible/SBCode/src/basic_app/basic_app.cpp">
			<Option target="basic_app"/>
		</Unit>
		<Unit filename="/Users/aleksandrivanov/Sandbox/Books/OpenGL_SuperBible/SBCode/src/basic_shaders/basic_shaders.cpp">
			<Option target="basic_shaders"/>
		</Unit>
		<Unit filename="/Users/aleksandrivanov/Sandbox/Books/OpenGL_SuperBible/SBCode/src/sb7/gl3w.c">
			<Option target="sb7"/>
		</Unit>
		<Unit filename="/Users/aleksandrivanov/Sandbox/Books/OpenGL_SuperBible/SBCode/src/sb7/sb7.cpp">
			<Option target="sb7"/>
		</Unit>
		<Unit filename="/Users/aleksandrivanov/Sandbox/Books/OpenGL_SuperBible/SBCode/src/sb7/sb7color.cpp">
			<Option target="sb7"/>
		</Unit>
		<Unit filename="/Users/aleksandrivanov/Sandbox/Books/OpenGL_SuperBible/SBCode/src/sb7/sb7ktx.cpp">
			<Option target="sb7"/>
		</Unit>
		<Unit filename="/Users/aleksandrivanov/Sandbox/Books/OpenGL_SuperBible/SBCode/src/sb7/sb7object.cpp">
			<Option target="sb7"/>
		</Unit>
		<Unit filename="/Users/aleksandrivanov/Sandbox/Books/OpenGL_SuperBible/SBCode/src/sb7/sb7shader.cpp">
			<Option target="sb7"/>
		</Unit>
		<Unit filename="/Users/aleksandrivanov/Sandbox/Books/OpenGL_SuperBible/SBCode/src/sb7/sb7textoverlay.cpp">
			<Option target="sb7"/>
		</Unit>
		<Unit filename="/Users/aleksandrivanov/Sandbox/Books/OpenGL_SuperBible/SBCode/CMakeLists.txt">
			<Option virtualFolder="CMake Files\"/>
		</Unit>
	</Project>
</CodeBlocks_project_file>
